{
  "name": "unleash-docker",
  "requires": true,
  "lockfileVersion": 1,
  "dependencies": {
    "@passport-next/passport": {
      "version": "3.0.1",
      "resolved": "https://registry.npmjs.org/@passport-next/passport/-/passport-3.0.1.tgz",
      "integrity": "sha512-SnlWTv9Xgxlzq4S11W1T0gq9fvgDxoOov9Ad69r5M3zYvqw1r7J8e0epLg9w1gOhA3gN85H+aDD1/wwBzTVNkg==",
      "requires": {
        "@passport-next/passport-strategy": "1.x.x"
      }
    },
    "@passport-next/passport-google-oauth2": {
      "version": "1.0.0",
      "resolved": "https://registry.npmjs.org/@passport-next/passport-google-oauth2/-/passport-google-oauth2-1.0.0.tgz",
      "integrity": "sha512-rbAtK0eGgjQhT/MqMSuN7Mxy4XTr1/LINk5rYPVezP3MfkVYuK20V0XW9fg1ikFMvyxSdmfLTyYduud7SfFSqw==",
      "requires": {
        "@passport-next/passport-oauth2": "1.7.x"
      }
    },
    "@passport-next/passport-oauth2": {
      "version": "1.7.1",
      "resolved": "https://registry.npmjs.org/@passport-next/passport-oauth2/-/passport-oauth2-1.7.1.tgz",
      "integrity": "sha512-rCNznNTnUbMxTyOMCdeM2VcQvHI1CM0F07Hvao4kYDgAx59xk+QxiR6ax6ZIBrCE3glCy+pOaTQfXowXxwb4lg==",
      "requires": {
        "@passport-next/passport-strategy": "1.1.x",
        "lodash": "^4.17.11",
        "oauth": "0.9.x"
      }
    },
    "@passport-next/passport-strategy": {
      "version": "1.1.0",
      "resolved": "https://registry.npmjs.org/@passport-next/passport-strategy/-/passport-strategy-1.1.0.tgz",
      "integrity": "sha512-2KhFjtPueJG6xVj2HnqXt9BlANOfYCVLyu+pXYjPGBDT8yk+vQwc/6tsceIj+mayKcoxMau2JimggXRPHgoc8w=="
    },
    "dotenv": {
      "version": "8.2.0",
      "resolved": "https://registry.npmjs.org/dotenv/-/dotenv-8.2.0.tgz",
      "integrity": "sha512-8sJ78ElpbDJBHNeBzUbUVLsqKdccaa/BXF1uPTw3GrvQTBgrQrtObr2mUrE38vzYd8cEv+m/JBfDLioYcfXoaw=="
    },
    "lodash": {
      "version": "4.17.15",
      "resolved": "https://registry.npmjs.org/lodash/-/lodash-4.17.15.tgz",
      "integrity": "sha512-8xOcRHvCjnocdS5cpwXQXVzmmh5e5+saE2QGoeQmbKmRS6J3VQppPOIt0MnmE+4xlZoumy0GPG0D0MVIQbNA1A=="
    },
    "oauth": {
      "version": "0.9.15",
      "resolved": "https://registry.npmjs.org/oauth/-/oauth-0.9.15.tgz",
      "integrity": "sha1-vR/vr2hslrdUda7VGWQS/2DPucE="
    }
  }
}
